
Microsoft Visual Studio Solution File, Format Version 12.00
# Visual Studio Version 16
VisualStudioVersion = 16.0.31729.503
MinimumVisualStudioVersion = 10.0.40219.1
Project("{FAE04EC0-301F-11D3-BF4B-00C04F79EFBC}") = "M2N.API", "M2N.API\M2N.API.csproj", "{9248689C-DC40-4986-84D5-2420CEDED549}"
EndProject
Project("{FAE04EC0-301F-11D3-BF4B-00C04F79EFBC}") = "M2N.Application", "M2N.Application\M2N.Application.csproj", "{3FB7E584-02CA-49C4-9974-72439421DB4E}"
EndProject
Project("{FAE04EC0-301F-11D3-BF4B-00C04F79EFBC}") = "M2N.Domain", "M2N.Domain\M2N.Domain.csproj", "{A91D7DF6-4FB9-4566-8225-83F5C6F65CED}"
EndProject
Project("{FAE04EC0-301F-11D3-BF4B-00C04F79EFBC}") = "M2N.Persistence", "M2N.Persistence\M2N.Persistence.csproj", "{DE5E0CF5-E914-495C-84B8-F5A681D0708F}"
EndProject
Global
	GlobalSection(SolutionConfigurationPlatforms) = preSolution
		Debug|Any CPU = Debug|Any CPU
		Release|Any CPU = Release|Any CPU
	EndGlobalSection
	GlobalSection(ProjectConfigurationPlatforms) = postSolution
		{9248689C-DC40-4986-84D5-2420CEDED549}.Debug|Any CPU.ActiveCfg = Debug|Any CPU
		{9248689C-DC40-4986-84D5-2420CEDED549}.Debug|Any CPU.Build.0 = Debug|Any CPU
		{9248689C-DC40-4986-84D5-2420CEDED549}.Release|Any CPU.ActiveCfg = Release|Any CPU
		{9248689C-DC40-4986-84D5-2420CEDED549}.Release|Any CPU.Build.0 = Release|Any CPU
		{3FB7E584-02CA-49C4-9974-72439421DB4E}.Debug|Any CPU.ActiveCfg = Debug|Any CPU
		{3FB7E584-02CA-49C4-9974-72439421DB4E}.Debug|Any CPU.Build.0 = Debug|Any CPU
		{3FB7E584-02CA-49C4-9974-72439421DB4E}.Release|Any CPU.ActiveCfg = Release|Any CPU
		{3FB7E584-02CA-49C4-9974-72439421DB4E}.Release|Any CPU.Build.0 = Release|Any CPU
		{A91D7DF6-4FB9-4566-8225-83F5C6F65CED}.Debug|Any CPU.ActiveCfg = Debug|Any CPU
		{A91D7DF6-4FB9-4566-8225-83F5C6F65CED}.Debug|Any CPU.Build.0 = Debug|Any CPU
		{A91D7DF6-4FB9-4566-8225-83F5C6F65CED}.Release|Any CPU.ActiveCfg = Release|Any CPU
		{A91D7DF6-4FB9-4566-8225-83F5C6F65CED}.Release|Any CPU.Build.0 = Release|Any CPU
		{DE5E0CF5-E914-495C-84B8-F5A681D0708F}.Debug|Any CPU.ActiveCfg = Debug|Any CPU
		{DE5E0CF5-E914-495C-84B8-F5A681D0708F}.Debug|Any CPU.Build.0 = Debug|Any CPU
		{DE5E0CF5-E914-495C-84B8-F5A681D0708F}.Release|Any CPU.ActiveCfg = Release|Any CPU
		{DE5E0CF5-E914-495C-84B8-F5A681D0708F}.Release|Any CPU.Build.0 = Release|Any CPU
	EndGlobalSection
	GlobalSection(SolutionProperties) = preSolution
		HideSolutionNode = FALSE
	EndGlobalSection
	GlobalSection(ExtensibilityGlobals) = postSolution
		SolutionGuid = {A142EA9E-E494-4F41-833B-EA8DAE0AEE4D}
	EndGlobalSection
EndGlobal
